
Microsoft Visual Studio Solution File, Format Version 12.00
# Visual Studio 15
Project("{FAE04EC0-301F-11D3-BF4B-00C04F79EFBC}") = "Oculus.Platform", "Oculus.Platform.csproj", "{30D89573-7973-256C-6316-A1569B063F5A}"
EndProject
Project("{FAE04EC0-301F-11D3-BF4B-00C04F79EFBC}") = "Assembly-CSharp", "Assembly-CSharp.csproj", "{21B8A35F-A428-969D-2222-712468059997}"
EndProject
Project("{FAE04EC0-301F-11D3-BF4B-00C04F79EFBC}") = "Oculus.Spatializer", "Oculus.Spatializer.csproj", "{DE8E5681-BD41-C312-452B-25B3AC33B15C}"
EndProject
Project("{FAE04EC0-301F-11D3-BF4B-00C04F79EFBC}") = "SpaceGraphicsToolkit", "SpaceGraphicsToolkit.csproj", "{FE7733CF-77C6-283C-090E-2E2613992A0F}"
EndProject
Project("{FAE04EC0-301F-11D3-BF4B-00C04F79EFBC}") = "Oculus.Interaction", "Oculus.Interaction.csproj", "{B1302647-218A-B230-867E-362BF8798820}"
EndProject
Project("{FAE04EC0-301F-11D3-BF4B-00C04F79EFBC}") = "Facebook.WitAI", "Facebook.WitAI.csproj", "{BF53C57D-5764-99ED-5A2C-BEA174E50A94}"
EndProject
Project("{FAE04EC0-301F-11D3-BF4B-00C04F79EFBC}") = "CW.Common", "CW.Common.csproj", "{7226241B-3FDE-F04A-65AA-30853E5F7D67}"
EndProject
Project("{FAE04EC0-301F-11D3-BF4B-00C04F79EFBC}") = "Oculus.VR", "Oculus.VR.csproj", "{50F803E9-7BD5-F882-BC91-2DC4818A107B}"
EndProject
Project("{FAE04EC0-301F-11D3-BF4B-00C04F79EFBC}") = "Oculus.Interaction.OVR.Samples", "Oculus.Interaction.OVR.Samples.csproj", "{1B6976C7-4726-677F-742C-CAE2B88A0C42}"
EndProject
Project("{FAE04EC0-301F-11D3-BF4B-00C04F79EFBC}") = "SpaceGraphicsToolkit.Terrain", "SpaceGraphicsToolkit.Terrain.csproj", "{A5F5D96D-A069-D032-655C-D9BE80A6CB40}"
EndProject
Project("{FAE04EC0-301F-11D3-BF4B-00C04F79EFBC}") = "VoiceSDK.Dictation.Runtime", "VoiceSDK.Dictation.Runtime.csproj", "{9A02331B-687B-9923-CA79-4F0FBF8641F4}"
EndProject
Project("{FAE04EC0-301F-11D3-BF4B-00C04F79EFBC}") = "Facebook.Wit.TTS", "Facebook.Wit.TTS.csproj", "{8F2BA46B-4167-A8E8-C114-9BC414A68AF0}"
EndProject
Project("{FAE04EC0-301F-11D3-BF4B-00C04F79EFBC}") = "Oculus.AudioManager", "Oculus.AudioManager.csproj", "{D7F50670-D84F-BB0F-C7DA-57C908CEEFBE}"
EndProject
Project("{FAE04EC0-301F-11D3-BF4B-00C04F79EFBC}") = "VoiceSDK.Runtime", "VoiceSDK.Runtime.csproj", "{0E8665F7-5A7E-79CB-C428-2D505BE49DA7}"
EndProject
Project("{FAE04EC0-301F-11D3-BF4B-00C04F79EFBC}") = "Facebook.Wit.Dictation", "Facebook.Wit.Dictation.csproj", "{B932A05A-7197-F2A9-C59B-9ACA2E8EAE9F}"
EndProject
Project("{FAE04EC0-301F-11D3-BF4B-00C04F79EFBC}") = "Oculus.Voice.Demo", "Oculus.Voice.Demo.csproj", "{8246FAA6-DF36-D3CD-BCD7-3B1D2E37561D}"
EndProject
Project("{FAE04EC0-301F-11D3-BF4B-00C04F79EFBC}") = "Oculus.Interaction.OVR", "Oculus.Interaction.OVR.csproj", "{8D411DCB-AECC-FEC8-8847-E382E8A938F7}"
EndProject
Project("{FAE04EC0-301F-11D3-BF4B-00C04F79EFBC}") = "AssistantCoreSDKRuntime", "AssistantCoreSDKRuntime.csproj", "{2DCDA31B-227D-3323-729A-68E9F0416DBD}"
EndProject
Project("{FAE04EC0-301F-11D3-BF4B-00C04F79EFBC}") = "LitJson", "LitJson.csproj", "{590FCC83-DF1A-CC5F-7F41-4868FE4C85F7}"
EndProject
Project("{FAE04EC0-301F-11D3-BF4B-00C04F79EFBC}") = "Facebook.Wit.Conduit", "Facebook.Wit.Conduit.csproj", "{B25A5E37-BAA7-EE7C-FEF5-380CA57BE93F}"
EndProject
Project("{FAE04EC0-301F-11D3-BF4B-00C04F79EFBC}") = "Oculus.LipSync", "Oculus.LipSync.csproj", "{F9BF9F1D-26F2-2020-A6F8-B9C30235EA71}"
EndProject
Project("{FAE04EC0-301F-11D3-BF4B-00C04F79EFBC}") = "Facebook.Wit.TTS.Samples", "Facebook.Wit.TTS.Samples.csproj", "{4512A9B3-89EB-9550-33A3-E727D0F2844C}"
EndProject
Project("{FAE04EC0-301F-11D3-BF4B-00C04F79EFBC}") = "Facebook.Wit.Editor", "Facebook.Wit.Editor.csproj", "{9D890B72-12B6-69AE-B0D0-D15349A0F821}"
EndProject
Project("{FAE04EC0-301F-11D3-BF4B-00C04F79EFBC}") = "Oculus.Interaction.Editor", "Oculus.Interaction.Editor.csproj", "{CA252B7E-FD20-E6ED-828D-0FC24B1E4334}"
EndProject
Project("{FAE04EC0-301F-11D3-BF4B-00C04F79EFBC}") = "Facebook.Wit.Conduit.Editor", "Facebook.Wit.Conduit.Editor.csproj", "{85A2BFBE-EB2C-7805-30D7-D4F8C75C4819}"
EndProject
Project("{FAE04EC0-301F-11D3-BF4B-00C04F79EFBC}") = "Assembly-CSharp-Editor", "Assembly-CSharp-Editor.csproj", "{4DE9F6A6-835C-9319-3C7E-A95B0E502B1E}"
EndProject
Project("{FAE04EC0-301F-11D3-BF4B-00C04F79EFBC}") = "Oculus.Interaction.Samples.Editor", "Oculus.Interaction.Samples.Editor.csproj", "{2E85B24D-50DC-5C45-E21A-0AD74F8AD382}"
EndProject
Project("{FAE04EC0-301F-11D3-BF4B-00C04F79EFBC}") = "Oculus.VR.Editor", "Oculus.VR.Editor.csproj", "{C0186297-69C8-BE48-E545-C565C2C68ED0}"
EndProject
Project("{FAE04EC0-301F-11D3-BF4B-00C04F79EFBC}") = "VoiceSDK.Editor", "VoiceSDK.Editor.csproj", "{41EE0F0B-8395-C06D-DDA8-C0A566A2BFC1}"
EndProject
Project("{FAE04EC0-301F-11D3-BF4B-00C04F79EFBC}") = "Oculus.Spatializer.Editor", "Oculus.Spatializer.Editor.csproj", "{3DED5E46-450C-EAFB-AE11-0ECDAAAF482C}"
EndProject
Project("{FAE04EC0-301F-11D3-BF4B-00C04F79EFBC}") = "Facebook.Wit.TTS.Editor", "Facebook.Wit.TTS.Editor.csproj", "{7826A36D-FCCB-CBC3-735F-9716ABDFFF9B}"
EndProject
Project("{FAE04EC0-301F-11D3-BF4B-00C04F79EFBC}") = "Facebook.Wit.Dictation.Editor", "Facebook.Wit.Dictation.Editor.csproj", "{121195A0-06D5-2896-4FF6-92257385D376}"
EndProject
Project("{FAE04EC0-301F-11D3-BF4B-00C04F79EFBC}") = "VoiceSDK.Dictation.Editor", "VoiceSDK.Dictation.Editor.csproj", "{BFB01FE6-62F4-25CF-5F41-399AD03C1D47}"
EndProject
Project("{FAE04EC0-301F-11D3-BF4B-00C04F79EFBC}") = "Oculus.Interaction.OVR.Editor", "Oculus.Interaction.OVR.Editor.csproj", "{BDD4B10F-AF03-3243-08F3-9AC31F99CDFF}"
EndProject
Project("{FAE04EC0-301F-11D3-BF4B-00C04F79EFBC}") = "Oculus.Platform.Editor", "Oculus.Platform.Editor.csproj", "{804547A0-E51A-0201-5438-30B1FFA4F1F2}"
EndProject
Project("{FAE04EC0-301F-11D3-BF4B-00C04F79EFBC}") = "Oculus.AudioManager.Audio.Editor", "Oculus.AudioManager.Audio.Editor.csproj", "{A85407FA-0A71-E4FA-66F1-9C96394C8323}"
EndProject
Project("{FAE04EC0-301F-11D3-BF4B-00C04F79EFBC}") = "Oculus.Interaction.InterfaceSupport", "Oculus.Interaction.InterfaceSupport.csproj", "{F7863173-277C-EAE1-BA8B-5E92F19D45F1}"
EndProject
Project("{FAE04EC0-301F-11D3-BF4B-00C04F79EFBC}") = "Oculus.VR.Scripts.Editor", "Oculus.VR.Scripts.Editor.csproj", "{7D09099D-FD3D-2BCF-EEC4-2F647F73274A}"
EndProject
Project("{FAE04EC0-301F-11D3-BF4B-00C04F79EFBC}") = "Oculus.LipSync.Editor", "Oculus.LipSync.Editor.csproj", "{694DB4FF-B953-3C02-F3E4-2C4593A2615D}"
EndProject
Project("{FAE04EC0-301F-11D3-BF4B-00C04F79EFBC}") = "AssistantCoreSDKEditor", "AssistantCoreSDKEditor.csproj", "{360BFC53-284A-3CFF-DAE4-29E2460989E7}"
EndProject
Project("{FAE04EC0-301F-11D3-BF4B-00C04F79EFBC}") = "Oculus.AudioManager.Utils.Editor", "Oculus.AudioManager.Utils.Editor.csproj", "{7342FBA0-7B00-E67B-46B2-112C82787FB0}"
EndProject
Project("{FAE04EC0-301F-11D3-BF4B-00C04F79EFBC}") = "Oculus.Platform", "Oculus.Platform.Player.csproj", "{5775F332-85FB-A9AD-358F-D9E1A92640FD}"
EndProject
Project("{FAE04EC0-301F-11D3-BF4B-00C04F79EFBC}") = "Assembly-CSharp", "Assembly-CSharp.Player.csproj", "{CEE44410-B8C4-635B-B3A7-B685BF536589}"
EndProject
Project("{FAE04EC0-301F-11D3-BF4B-00C04F79EFBC}") = "Oculus.Spatializer", "Oculus.Spatializer.Player.csproj", "{0F1E1DC7-6629-0D45-BA48-DAFE0EFE9EDE}"
EndProject
Project("{FAE04EC0-301F-11D3-BF4B-00C04F79EFBC}") = "SpaceGraphicsToolkit", "SpaceGraphicsToolkit.Player.csproj", "{21ABC6E7-A19A-73B9-4967-B5CDCC721C10}"
EndProject
Project("{FAE04EC0-301F-11D3-BF4B-00C04F79EFBC}") = "Oculus.Interaction", "Oculus.Interaction.Player.csproj", "{64D7847A-4E20-8780-6C9A-92497DE78F89}"
EndProject
Project("{FAE04EC0-301F-11D3-BF4B-00C04F79EFBC}") = "Facebook.WitAI", "Facebook.WitAI.Player.csproj", "{739E4C71-38CA-CB94-6510-E4687E580BCF}"
EndProject
Project("{FAE04EC0-301F-11D3-BF4B-00C04F79EFBC}") = "CW.Common", "CW.Common.Player.csproj", "{8B9A1797-1E3B-3482-DBE7-2AAF2048F67C}"
EndProject
Project("{FAE04EC0-301F-11D3-BF4B-00C04F79EFBC}") = "Oculus.VR", "Oculus.VR.Player.csproj", "{D452A639-9454-B867-E6F9-F4228BAC5F2A}"
EndProject
Project("{FAE04EC0-301F-11D3-BF4B-00C04F79EFBC}") = "Oculus.Interaction.OVR.Samples", "Oculus.Interaction.OVR.Samples.Player.csproj", "{9640B5D0-A548-9FDF-1B7D-50E481845735}"
EndProject
Project("{FAE04EC0-301F-11D3-BF4B-00C04F79EFBC}") = "SpaceGraphicsToolkit.Terrain", "SpaceGraphicsToolkit.Terrain.Player.csproj", "{9BBD8642-558F-22E0-89B0-96A4F1ED500B}"
EndProject
Project("{FAE04EC0-301F-11D3-BF4B-00C04F79EFBC}") = "VoiceSDK.Dictation.Runtime", "VoiceSDK.Dictation.Runtime.Player.csproj", "{F4BB3EB3-563B-92EE-EA61-E634EA83AA23}"
EndProject
Project("{FAE04EC0-301F-11D3-BF4B-00C04F79EFBC}") = "Facebook.Wit.TTS", "Facebook.Wit.TTS.Player.csproj", "{E4251B61-60B1-B0F4-CB66-5DB8B4BEDD9D}"
EndProject
Project("{FAE04EC0-301F-11D3-BF4B-00C04F79EFBC}") = "Oculus.AudioManager", "Oculus.AudioManager.Player.csproj", "{D752C98A-05A1-73B0-06EF-E6D89A573B53}"
EndProject
Project("{FAE04EC0-301F-11D3-BF4B-00C04F79EFBC}") = "VoiceSDK.Runtime", "VoiceSDK.Runtime.Player.csproj", "{DEEC88F1-284D-80DB-D012-D817DCFB66E1}"
EndProject
Project("{FAE04EC0-301F-11D3-BF4B-00C04F79EFBC}") = "Facebook.Wit.Dictation", "Facebook.Wit.Dictation.Player.csproj", "{4030F3DA-E836-10AE-774D-1158324BE245}"
EndProject
Project("{FAE04EC0-301F-11D3-BF4B-00C04F79EFBC}") = "Oculus.Voice.Demo", "Oculus.Voice.Demo.Player.csproj", "{0B8E8586-C37F-446C-E82B-747A36CA37C6}"
EndProject
Project("{FAE04EC0-301F-11D3-BF4B-00C04F79EFBC}") = "Oculus.Interaction.OVR", "Oculus.Interaction.OVR.Player.csproj", "{394235B6-F5CB-548F-6287-52C25C933E0C}"
EndProject
Project("{FAE04EC0-301F-11D3-BF4B-00C04F79EFBC}") = "AssistantCoreSDKRuntime", "AssistantCoreSDKRuntime.Player.csproj", "{E77F08B6-AF22-F762-55A0-203A5AF2EA6B}"
EndProject
Project("{FAE04EC0-301F-11D3-BF4B-00C04F79EFBC}") = "LitJson", "LitJson.Player.csproj", "{E074B2F0-3BD8-31BA-B0AE-DEAE17D76581}"
EndProject
Project("{FAE04EC0-301F-11D3-BF4B-00C04F79EFBC}") = "Facebook.Wit.Conduit", "Facebook.Wit.Conduit.Player.csproj", "{09FDE465-5A85-ACC8-7AC1-A4DCE5AF77C7}"
EndProject
Project("{FAE04EC0-301F-11D3-BF4B-00C04F79EFBC}") = "Oculus.LipSync", "Oculus.LipSync.Player.csproj", "{17AFB47C-72AF-57C6-17CD-8B2ADAB8B2BB}"
EndProject
Project("{FAE04EC0-301F-11D3-BF4B-00C04F79EFBC}") = "Facebook.Wit.TTS.Samples", "Facebook.Wit.TTS.Samples.Player.csproj", "{E66B1F5A-7BA4-516F-2973-D9C0981D93E0}"
EndProject
Global
	GlobalSection(SolutionConfigurationPlatforms) = preSolution
		Debug|Any CPU = Debug|Any CPU
		Release|Any CPU = Release|Any CPU
	EndGlobalSection
	GlobalSection(ProjectConfigurationPlatforms) = postSolution
		{30D89573-7973-256C-6316-A1569B063F5A}.Debug|Any CPU.ActiveCfg = Debug|Any CPU
		{30D89573-7973-256C-6316-A1569B063F5A}.Debug|Any CPU.Build.0 = Debug|Any CPU
		{30D89573-7973-256C-6316-A1569B063F5A}.Release|Any CPU.ActiveCfg = Release|Any CPU
		{30D89573-7973-256C-6316-A1569B063F5A}.Release|Any CPU.Build.0 = Release|Any CPU
		{21B8A35F-A428-969D-2222-712468059997}.Debug|Any CPU.ActiveCfg = Debug|Any CPU
		{21B8A35F-A428-969D-2222-712468059997}.Debug|Any CPU.Build.0 = Debug|Any CPU
		{21B8A35F-A428-969D-2222-712468059997}.Release|Any CPU.ActiveCfg = Release|Any CPU
		{21B8A35F-A428-969D-2222-712468059997}.Release|Any CPU.Build.0 = Release|Any CPU
		{DE8E5681-BD41-C312-452B-25B3AC33B15C}.Debug|Any CPU.ActiveCfg = Debug|Any CPU
		{DE8E5681-BD41-C312-452B-25B3AC33B15C}.Debug|Any CPU.Build.0 = Debug|Any CPU
		{DE8E5681-BD41-C312-452B-25B3AC33B15C}.Release|Any CPU.ActiveCfg = Release|Any CPU
		{DE8E5681-BD41-C312-452B-25B3AC33B15C}.Release|Any CPU.Build.0 = Release|Any CPU
		{FE7733CF-77C6-283C-090E-2E2613992A0F}.Debug|Any CPU.ActiveCfg = Debug|Any CPU
		{FE7733CF-77C6-283C-090E-2E2613992A0F}.Debug|Any CPU.Build.0 = Debug|Any CPU
		{FE7733CF-77C6-283C-090E-2E2613992A0F}.Release|Any CPU.ActiveCfg = Release|Any CPU
		{FE7733CF-77C6-283C-090E-2E2613992A0F}.Release|Any CPU.Build.0 = Release|Any CPU
		{B1302647-218A-B230-867E-362BF8798820}.Debug|Any CPU.ActiveCfg = Debug|Any CPU
		{B1302647-218A-B230-867E-362BF8798820}.Debug|Any CPU.Build.0 = Debug|Any CPU
		{B1302647-218A-B230-867E-362BF8798820}.Release|Any CPU.ActiveCfg = Release|Any CPU
		{B1302647-218A-B230-867E-362BF8798820}.Release|Any CPU.Build.0 = Release|Any CPU
		{BF53C57D-5764-99ED-5A2C-BEA174E50A94}.Debug|Any CPU.ActiveCfg = Debug|Any CPU
		{BF53C57D-5764-99ED-5A2C-BEA174E50A94}.Debug|Any CPU.Build.0 = Debug|Any CPU
		{BF53C57D-5764-99ED-5A2C-BEA174E50A94}.Release|Any CPU.ActiveCfg = Release|Any CPU
		{BF53C57D-5764-99ED-5A2C-BEA174E50A94}.Release|Any CPU.Build.0 = Release|Any CPU
		{7226241B-3FDE-F04A-65AA-30853E5F7D67}.Debug|Any CPU.ActiveCfg = Debug|Any CPU
		{7226241B-3FDE-F04A-65AA-30853E5F7D67}.Debug|Any CPU.Build.0 = Debug|Any CPU
		{7226241B-3FDE-F04A-65AA-30853E5F7D67}.Release|Any CPU.ActiveCfg = Release|Any CPU
		{7226241B-3FDE-F04A-65AA-30853E5F7D67}.Release|Any CPU.Build.0 = Release|Any CPU
		{50F803E9-7BD5-F882-BC91-2DC4818A107B}.Debug|Any CPU.ActiveCfg = Debug|Any CPU
		{50F803E9-7BD5-F882-BC91-2DC4818A107B}.Debug|Any CPU.Build.0 = Debug|Any CPU
		{50F803E9-7BD5-F882-BC91-2DC4818A107B}.Release|Any CPU.ActiveCfg = Release|Any CPU
		{50F803E9-7BD5-F882-BC91-2DC4818A107B}.Release|Any CPU.Build.0 = Release|Any CPU
		{1B6976C7-4726-677F-742C-CAE2B88A0C42}.Debug|Any CPU.ActiveCfg = Debug|Any CPU
		{1B6976C7-4726-677F-742C-CAE2B88A0C42}.Debug|Any CPU.Build.0 = Debug|Any CPU
		{1B6976C7-4726-677F-742C-CAE2B88A0C42}.Release|Any CPU.ActiveCfg = Release|Any CPU
		{1B6976C7-4726-677F-742C-CAE2B88A0C42}.Release|Any CPU.Build.0 = Release|Any CPU
		{A5F5D96D-A069-D032-655C-D9BE80A6CB40}.Debug|Any CPU.ActiveCfg = Debug|Any CPU
		{A5F5D96D-A069-D032-655C-D9BE80A6CB40}.Debug|Any CPU.Build.0 = Debug|Any CPU
		{A5F5D96D-A069-D032-655C-D9BE80A6CB40}.Release|Any CPU.ActiveCfg = Release|Any CPU
		{A5F5D96D-A069-D032-655C-D9BE80A6CB40}.Release|Any CPU.Build.0 = Release|Any CPU
		{9A02331B-687B-9923-CA79-4F0FBF8641F4}.Debug|Any CPU.ActiveCfg = Debug|Any CPU
		{9A02331B-687B-9923-CA79-4F0FBF8641F4}.Debug|Any CPU.Build.0 = Debug|Any CPU
		{9A02331B-687B-9923-CA79-4F0FBF8641F4}.Release|Any CPU.ActiveCfg = Release|Any CPU
		{9A02331B-687B-9923-CA79-4F0FBF8641F4}.Release|Any CPU.Build.0 = Release|Any CPU
		{8F2BA46B-4167-A8E8-C114-9BC414A68AF0}.Debug|Any CPU.ActiveCfg = Debug|Any CPU
		{8F2BA46B-4167-A8E8-C114-9BC414A68AF0}.Debug|Any CPU.Build.0 = Debug|Any CPU
		{8F2BA46B-4167-A8E8-C114-9BC414A68AF0}.Release|Any CPU.ActiveCfg = Release|Any CPU
		{8F2BA46B-4167-A8E8-C114-9BC414A68AF0}.Release|Any CPU.Build.0 = Release|Any CPU
		{D7F50670-D84F-BB0F-C7DA-57C908CEEFBE}.Debug|Any CPU.ActiveCfg = Debug|Any CPU
		{D7F50670-D84F-BB0F-C7DA-57C908CEEFBE}.Debug|Any CPU.Build.0 = Debug|Any CPU
		{D7F50670-D84F-BB0F-C7DA-57C908CEEFBE}.Release|Any CPU.ActiveCfg = Release|Any CPU
		{D7F50670-D84F-BB0F-C7DA-57C908CEEFBE}.Release|Any CPU.Build.0 = Release|Any CPU
		{0E8665F7-5A7E-79CB-C428-2D505BE49DA7}.Debug|Any CPU.ActiveCfg = Debug|Any CPU
		{0E8665F7-5A7E-79CB-C428-2D505BE49DA7}.Debug|Any CPU.Build.0 = Debug|Any CPU
		{0E8665F7-5A7E-79CB-C428-2D505BE49DA7}.Release|Any CPU.ActiveCfg = Release|Any CPU
		{0E8665F7-5A7E-79CB-C428-2D505BE49DA7}.Release|Any CPU.Build.0 = Release|Any CPU
		{B932A05A-7197-F2A9-C59B-9ACA2E8EAE9F}.Debug|Any CPU.ActiveCfg = Debug|Any CPU
		{B932A05A-7197-F2A9-C59B-9ACA2E8EAE9F}.Debug|Any CPU.Build.0 = Debug|Any CPU
		{B932A05A-7197-F2A9-C59B-9ACA2E8EAE9F}.Release|Any CPU.ActiveCfg = Release|Any CPU
		{B932A05A-7197-F2A9-C59B-9ACA2E8EAE9F}.Release|Any CPU.Build.0 = Release|Any CPU
		{8246FAA6-DF36-D3CD-BCD7-3B1D2E37561D}.Debug|Any CPU.ActiveCfg = Debug|Any CPU
		{8246FAA6-DF36-D3CD-BCD7-3B1D2E37561D}.Debug|Any CPU.Build.0 = Debug|Any CPU
		{8246FAA6-DF36-D3CD-BCD7-3B1D2E37561D}.Release|Any CPU.ActiveCfg = Release|Any CPU
		{8246FAA6-DF36-D3CD-BCD7-3B1D2E37561D}.Release|Any CPU.Build.0 = Release|Any CPU
		{8D411DCB-AECC-FEC8-8847-E382E8A938F7}.Debug|Any CPU.ActiveCfg = Debug|Any CPU
		{8D411DCB-AECC-FEC8-8847-E382E8A938F7}.Debug|Any CPU.Build.0 = Debug|Any CPU
		{8D411DCB-AECC-FEC8-8847-E382E8A938F7}.Release|Any CPU.ActiveCfg = Release|Any CPU
		{8D411DCB-AECC-FEC8-8847-E382E8A938F7}.Release|Any CPU.Build.0 = Release|Any CPU
		{2DCDA31B-227D-3323-729A-68E9F0416DBD}.Debug|Any CPU.ActiveCfg = Debug|Any CPU
		{2DCDA31B-227D-3323-729A-68E9F0416DBD}.Debug|Any CPU.Build.0 = Debug|Any CPU
		{2DCDA31B-227D-3323-729A-68E9F0416DBD}.Release|Any CPU.ActiveCfg = Release|Any CPU
		{2DCDA31B-227D-3323-729A-68E9F0416DBD}.Release|Any CPU.Build.0 = Release|Any CPU
		{590FCC83-DF1A-CC5F-7F41-4868FE4C85F7}.Debug|Any CPU.ActiveCfg = Debug|Any CPU
		{590FCC83-DF1A-CC5F-7F41-4868FE4C85F7}.Debug|Any CPU.Build.0 = Debug|Any CPU
		{590FCC83-DF1A-CC5F-7F41-4868FE4C85F7}.Release|Any CPU.ActiveCfg = Release|Any CPU
		{590FCC83-DF1A-CC5F-7F41-4868FE4C85F7}.Release|Any CPU.Build.0 = Release|Any CPU
		{B25A5E37-BAA7-EE7C-FEF5-380CA57BE93F}.Debug|Any CPU.ActiveCfg = Debug|Any CPU
		{B25A5E37-BAA7-EE7C-FEF5-380CA57BE93F}.Debug|Any CPU.Build.0 = Debug|Any CPU
		{B25A5E37-BAA7-EE7C-FEF5-380CA57BE93F}.Release|Any CPU.ActiveCfg = Release|Any CPU
		{B25A5E37-BAA7-EE7C-FEF5-380CA57BE93F}.Release|Any CPU.Build.0 = Release|Any CPU
		{F9BF9F1D-26F2-2020-A6F8-B9C30235EA71}.Debug|Any CPU.ActiveCfg = Debug|Any CPU
		{F9BF9F1D-26F2-2020-A6F8-B9C30235EA71}.Debug|Any CPU.Build.0 = Debug|Any CPU
		{F9BF9F1D-26F2-2020-A6F8-B9C30235EA71}.Release|Any CPU.ActiveCfg = Release|Any CPU
		{F9BF9F1D-26F2-2020-A6F8-B9C30235EA71}.Release|Any CPU.Build.0 = Release|Any CPU
		{4512A9B3-89EB-9550-33A3-E727D0F2844C}.Debug|Any CPU.ActiveCfg = Debug|Any CPU
		{4512A9B3-89EB-9550-33A3-E727D0F2844C}.Debug|Any CPU.Build.0 = Debug|Any CPU
		{4512A9B3-89EB-9550-33A3-E727D0F2844C}.Release|Any CPU.ActiveCfg = Release|Any CPU
		{4512A9B3-89EB-9550-33A3-E727D0F2844C}.Release|Any CPU.Build.0 = Release|Any CPU
		{9D890B72-12B6-69AE-B0D0-D15349A0F821}.Debug|Any CPU.ActiveCfg = Debug|Any CPU
		{9D890B72-12B6-69AE-B0D0-D15349A0F821}.Debug|Any CPU.Build.0 = Debug|Any CPU
		{9D890B72-12B6-69AE-B0D0-D15349A0F821}.Release|Any CPU.ActiveCfg = Release|Any CPU
		{9D890B72-12B6-69AE-B0D0-D15349A0F821}.Release|Any CPU.Build.0 = Release|Any CPU
		{CA252B7E-FD20-E6ED-828D-0FC24B1E4334}.Debug|Any CPU.ActiveCfg = Debug|Any CPU
		{CA252B7E-FD20-E6ED-828D-0FC24B1E4334}.Debug|Any CPU.Build.0 = Debug|Any CPU
		{CA252B7E-FD20-E6ED-828D-0FC24B1E4334}.Release|Any CPU.ActiveCfg = Release|Any CPU
		{CA252B7E-FD20-E6ED-828D-0FC24B1E4334}.Release|Any CPU.Build.0 = Release|Any CPU
		{85A2BFBE-EB2C-7805-30D7-D4F8C75C4819}.Debug|Any CPU.ActiveCfg = Debug|Any CPU
		{85A2BFBE-EB2C-7805-30D7-D4F8C75C4819}.Debug|Any CPU.Build.0 = Debug|Any CPU
		{85A2BFBE-EB2C-7805-30D7-D4F8C75C4819}.Release|Any CPU.ActiveCfg = Release|Any CPU
		{85A2BFBE-EB2C-7805-30D7-D4F8C75C4819}.Release|Any CPU.Build.0 = Release|Any CPU
		{4DE9F6A6-835C-9319-3C7E-A95B0E502B1E}.Debug|Any CPU.ActiveCfg = Debug|Any CPU
		{4DE9F6A6-835C-9319-3C7E-A95B0E502B1E}.Debug|Any CPU.Build.0 = Debug|Any CPU
		{4DE9F6A6-835C-9319-3C7E-A95B0E502B1E}.Release|Any CPU.ActiveCfg = Release|Any CPU
		{4DE9F6A6-835C-9319-3C7E-A95B0E502B1E}.Release|Any CPU.Build.0 = Release|Any CPU
		{2E85B24D-50DC-5C45-E21A-0AD74F8AD382}.Debug|Any CPU.ActiveCfg = Debug|Any CPU
		{2E85B24D-50DC-5C45-E21A-0AD74F8AD382}.Debug|Any CPU.Build.0 = Debug|Any CPU
		{2E85B24D-50DC-5C45-E21A-0AD74F8AD382}.Release|Any CPU.ActiveCfg = Release|Any CPU
		{2E85B24D-50DC-5C45-E21A-0AD74F8AD382}.Release|Any CPU.Build.0 = Release|Any CPU
		{C0186297-69C8-BE48-E545-C565C2C68ED0}.Debug|Any CPU.ActiveCfg = Debug|Any CPU
		{C0186297-69C8-BE48-E545-C565C2C68ED0}.Debug|Any CPU.Build.0 = Debug|Any CPU
		{C0186297-69C8-BE48-E545-C565C2C68ED0}.Release|Any CPU.ActiveCfg = Release|Any CPU
		{C0186297-69C8-BE48-E545-C565C2C68ED0}.Release|Any CPU.Build.0 = Release|Any CPU
		{41EE0F0B-8395-C06D-DDA8-C0A566A2BFC1}.Debug|Any CPU.ActiveCfg = Debug|Any CPU
		{41EE0F0B-8395-C06D-DDA8-C0A566A2BFC1}.Debug|Any CPU.Build.0 = Debug|Any CPU
		{41EE0F0B-8395-C06D-DDA8-C0A566A2BFC1}.Release|Any CPU.ActiveCfg = Release|Any CPU
		{41EE0F0B-8395-C06D-DDA8-C0A566A2BFC1}.Release|Any CPU.Build.0 = Release|Any CPU
		{3DED5E46-450C-EAFB-AE11-0ECDAAAF482C}.Debug|Any CPU.ActiveCfg = Debug|Any CPU
		{3DED5E46-450C-EAFB-AE11-0ECDAAAF482C}.Debug|Any CPU.Build.0 = Debug|Any CPU
		{3DED5E46-450C-EAFB-AE11-0ECDAAAF482C}.Release|Any CPU.ActiveCfg = Release|Any CPU
		{3DED5E46-450C-EAFB-AE11-0ECDAAAF482C}.Release|Any CPU.Build.0 = Release|Any CPU
		{7826A36D-FCCB-CBC3-735F-9716ABDFFF9B}.Debug|Any CPU.ActiveCfg = Debug|Any CPU
		{7826A36D-FCCB-CBC3-735F-9716ABDFFF9B}.Debug|Any CPU.Build.0 = Debug|Any CPU
		{7826A36D-FCCB-CBC3-735F-9716ABDFFF9B}.Release|Any CPU.ActiveCfg = Release|Any CPU
		{7826A36D-FCCB-CBC3-735F-9716ABDFFF9B}.Release|Any CPU.Build.0 = Release|Any CPU
		{121195A0-06D5-2896-4FF6-92257385D376}.Debug|Any CPU.ActiveCfg = Debug|Any CPU
		{121195A0-06D5-2896-4FF6-92257385D376}.Debug|Any CPU.Build.0 = Debug|Any CPU
		{121195A0-06D5-2896-4FF6-92257385D376}.Release|Any CPU.ActiveCfg = Release|Any CPU
		{121195A0-06D5-2896-4FF6-92257385D376}.Release|Any CPU.Build.0 = Release|Any CPU
		{BFB01FE6-62F4-25CF-5F41-399AD03C1D47}.Debug|Any CPU.ActiveCfg = Debug|Any CPU
		{BFB01FE6-62F4-25CF-5F41-399AD03C1D47}.Debug|Any CPU.Build.0 = Debug|Any CPU
		{BFB01FE6-62F4-25CF-5F41-399AD03C1D47}.Release|Any CPU.ActiveCfg = Release|Any CPU
		{BFB01FE6-62F4-25CF-5F41-399AD03C1D47}.Release|Any CPU.Build.0 = Release|Any CPU
		{BDD4B10F-AF03-3243-08F3-9AC31F99CDFF}.Debug|Any CPU.ActiveCfg = Debug|Any CPU
		{BDD4B10F-AF03-3243-08F3-9AC31F99CDFF}.Debug|Any CPU.Build.0 = Debug|Any CPU
		{BDD4B10F-AF03-3243-08F3-9AC31F99CDFF}.Release|Any CPU.ActiveCfg = Release|Any CPU
		{BDD4B10F-AF03-3243-08F3-9AC31F99CDFF}.Release|Any CPU.Build.0 = Release|Any CPU
		{804547A0-E51A-0201-5438-30B1FFA4F1F2}.Debug|Any CPU.ActiveCfg = Debug|Any CPU
		{804547A0-E51A-0201-5438-30B1FFA4F1F2}.Debug|Any CPU.Build.0 = Debug|Any CPU
		{804547A0-E51A-0201-5438-30B1FFA4F1F2}.Release|Any CPU.ActiveCfg = Release|Any CPU
		{804547A0-E51A-0201-5438-30B1FFA4F1F2}.Release|Any CPU.Build.0 = Release|Any CPU
		{A85407FA-0A71-E4FA-66F1-9C96394C8323}.Debug|Any CPU.ActiveCfg = Debug|Any CPU
		{A85407FA-0A71-E4FA-66F1-9C96394C8323}.Debug|Any CPU.Build.0 = Debug|Any CPU
		{A85407FA-0A71-E4FA-66F1-9C96394C8323}.Release|Any CPU.ActiveCfg = Release|Any CPU
		{A85407FA-0A71-E4FA-66F1-9C96394C8323}.Release|Any CPU.Build.0 = Release|Any CPU
		{F7863173-277C-EAE1-BA8B-5E92F19D45F1}.Debug|Any CPU.ActiveCfg = Debug|Any CPU
		{F7863173-277C-EAE1-BA8B-5E92F19D45F1}.Debug|Any CPU.Build.0 = Debug|Any CPU
		{F7863173-277C-EAE1-BA8B-5E92F19D45F1}.Release|Any CPU.ActiveCfg = Release|Any CPU
		{F7863173-277C-EAE1-BA8B-5E92F19D45F1}.Release|Any CPU.Build.0 = Release|Any CPU
		{7D09099D-FD3D-2BCF-EEC4-2F647F73274A}.Debug|Any CPU.ActiveCfg = Debug|Any CPU
		{7D09099D-FD3D-2BCF-EEC4-2F647F73274A}.Debug|Any CPU.Build.0 = Debug|Any CPU
		{7D09099D-FD3D-2BCF-EEC4-2F647F73274A}.Release|Any CPU.ActiveCfg = Release|Any CPU
		{7D09099D-FD3D-2BCF-EEC4-2F647F73274A}.Release|Any CPU.Build.0 = Release|Any CPU
		{694DB4FF-B953-3C02-F3E4-2C4593A2615D}.Debug|Any CPU.ActiveCfg = Debug|Any CPU
		{694DB4FF-B953-3C02-F3E4-2C4593A2615D}.Debug|Any CPU.Build.0 = Debug|Any CPU
		{694DB4FF-B953-3C02-F3E4-2C4593A2615D}.Release|Any CPU.ActiveCfg = Release|Any CPU
		{694DB4FF-B953-3C02-F3E4-2C4593A2615D}.Release|Any CPU.Build.0 = Release|Any CPU
		{360BFC53-284A-3CFF-DAE4-29E2460989E7}.Debug|Any CPU.ActiveCfg = Debug|Any CPU
		{360BFC53-284A-3CFF-DAE4-29E2460989E7}.Debug|Any CPU.Build.0 = Debug|Any CPU
		{360BFC53-284A-3CFF-DAE4-29E2460989E7}.Release|Any CPU.ActiveCfg = Release|Any CPU
		{360BFC53-284A-3CFF-DAE4-29E2460989E7}.Release|Any CPU.Build.0 = Release|Any CPU
		{7342FBA0-7B00-E67B-46B2-112C82787FB0}.Debug|Any CPU.ActiveCfg = Debug|Any CPU
		{7342FBA0-7B00-E67B-46B2-112C82787FB0}.Debug|Any CPU.Build.0 = Debug|Any CPU
		{7342FBA0-7B00-E67B-46B2-112C82787FB0}.Release|Any CPU.ActiveCfg = Release|Any CPU
		{7342FBA0-7B00-E67B-46B2-112C82787FB0}.Release|Any CPU.Build.0 = Release|Any CPU
		{5775F332-85FB-A9AD-358F-D9E1A92640FD}.Debug|Any CPU.ActiveCfg = Debug|Any CPU
		{5775F332-85FB-A9AD-358F-D9E1A92640FD}.Debug|Any CPU.Build.0 = Debug|Any CPU
		{5775F332-85FB-A9AD-358F-D9E1A92640FD}.Release|Any CPU.ActiveCfg = Release|Any CPU
		{5775F332-85FB-A9AD-358F-D9E1A92640FD}.Release|Any CPU.Build.0 = Release|Any CPU
		{CEE44410-B8C4-635B-B3A7-B685BF536589}.Debug|Any CPU.ActiveCfg = Debug|Any CPU
		{CEE44410-B8C4-635B-B3A7-B685BF536589}.Debug|Any CPU.Build.0 = Debug|Any CPU
		{CEE44410-B8C4-635B-B3A7-B685BF536589}.Release|Any CPU.ActiveCfg = Release|Any CPU
		{CEE44410-B8C4-635B-B3A7-B685BF536589}.Release|Any CPU.Build.0 = Release|Any CPU
		{0F1E1DC7-6629-0D45-BA48-DAFE0EFE9EDE}.Debug|Any CPU.ActiveCfg = Debug|Any CPU
		{0F1E1DC7-6629-0D45-BA48-DAFE0EFE9EDE}.Debug|Any CPU.Build.0 = Debug|Any CPU
		{0F1E1DC7-6629-0D45-BA48-DAFE0EFE9EDE}.Release|Any CPU.ActiveCfg = Release|Any CPU
		{0F1E1DC7-6629-0D45-BA48-DAFE0EFE9EDE}.Release|Any CPU.Build.0 = Release|Any CPU
		{21ABC6E7-A19A-73B9-4967-B5CDCC721C10}.Debug|Any CPU.ActiveCfg = Debug|Any CPU
		{21ABC6E7-A19A-73B9-4967-B5CDCC721C10}.Debug|Any CPU.Build.0 = Debug|Any CPU
		{21ABC6E7-A19A-73B9-4967-B5CDCC721C10}.Release|Any CPU.ActiveCfg = Release|Any CPU
		{21ABC6E7-A19A-73B9-4967-B5CDCC721C10}.Release|Any CPU.Build.0 = Release|Any CPU
		{64D7847A-4E20-8780-6C9A-92497DE78F89}.Debug|Any CPU.ActiveCfg = Debug|Any CPU
		{64D7847A-4E20-8780-6C9A-92497DE78F89}.Debug|Any CPU.Build.0 = Debug|Any CPU
		{64D7847A-4E20-8780-6C9A-92497DE78F89}.Release|Any CPU.ActiveCfg = Release|Any CPU
		{64D7847A-4E20-8780-6C9A-92497DE78F89}.Release|Any CPU.Build.0 = Release|Any CPU
		{739E4C71-38CA-CB94-6510-E4687E580BCF}.Debug|Any CPU.ActiveCfg = Debug|Any CPU
		{739E4C71-38CA-CB94-6510-E4687E580BCF}.Debug|Any CPU.Build.0 = Debug|Any CPU
		{739E4C71-38CA-CB94-6510-E4687E580BCF}.Release|Any CPU.ActiveCfg = Release|Any CPU
		{739E4C71-38CA-CB94-6510-E4687E580BCF}.Release|Any CPU.Build.0 = Release|Any CPU
		{8B9A1797-1E3B-3482-DBE7-2AAF2048F67C}.Debug|Any CPU.ActiveCfg = Debug|Any CPU
		{8B9A1797-1E3B-3482-DBE7-2AAF2048F67C}.Debug|Any CPU.Build.0 = Debug|Any CPU
		{8B9A1797-1E3B-3482-DBE7-2AAF2048F67C}.Release|Any CPU.ActiveCfg = Release|Any CPU
		{8B9A1797-1E3B-3482-DBE7-2AAF2048F67C}.Release|Any CPU.Build.0 = Release|Any CPU
		{D452A639-9454-B867-E6F9-F4228BAC5F2A}.Debug|Any CPU.ActiveCfg = Debug|Any CPU
		{D452A639-9454-B867-E6F9-F4228BAC5F2A}.Debug|Any CPU.Build.0 = Debug|Any CPU
		{D452A639-9454-B867-E6F9-F4228BAC5F2A}.Release|Any CPU.ActiveCfg = Release|Any CPU
		{D452A639-9454-B867-E6F9-F4228BAC5F2A}.Release|Any CPU.Build.0 = Release|Any CPU
		{9640B5D0-A548-9FDF-1B7D-50E481845735}.Debug|Any CPU.ActiveCfg = Debug|Any CPU
		{9640B5D0-A548-9FDF-1B7D-50E481845735}.Debug|Any CPU.Build.0 = Debug|Any CPU
		{9640B5D0-A548-9FDF-1B7D-50E481845735}.Release|Any CPU.ActiveCfg = Release|Any CPU
		{9640B5D0-A548-9FDF-1B7D-50E481845735}.Release|Any CPU.Build.0 = Release|Any CPU
		{9BBD8642-558F-22E0-89B0-96A4F1ED500B}.Debug|Any CPU.ActiveCfg = Debug|Any CPU
		{9BBD8642-558F-22E0-89B0-96A4F1ED500B}.Debug|Any CPU.Build.0 = Debug|Any CPU
		{9BBD8642-558F-22E0-89B0-96A4F1ED500B}.Release|Any CPU.ActiveCfg = Release|Any CPU
		{9BBD8642-558F-22E0-89B0-96A4F1ED500B}.Release|Any CPU.Build.0 = Release|Any CPU
		{F4BB3EB3-563B-92EE-EA61-E634EA83AA23}.Debug|Any CPU.ActiveCfg = Debug|Any CPU
		{F4BB3EB3-563B-92EE-EA61-E634EA83AA23}.Debug|Any CPU.Build.0 = Debug|Any CPU
		{F4BB3EB3-563B-92EE-EA61-E634EA83AA23}.Release|Any CPU.ActiveCfg = Release|Any CPU
		{F4BB3EB3-563B-92EE-EA61-E634EA83AA23}.Release|Any CPU.Build.0 = Release|Any CPU
		{E4251B61-60B1-B0F4-CB66-5DB8B4BEDD9D}.Debug|Any CPU.ActiveCfg = Debug|Any CPU
		{E4251B61-60B1-B0F4-CB66-5DB8B4BEDD9D}.Debug|Any CPU.Build.0 = Debug|Any CPU
		{E4251B61-60B1-B0F4-CB66-5DB8B4BEDD9D}.Release|Any CPU.ActiveCfg = Release|Any CPU
		{E4251B61-60B1-B0F4-CB66-5DB8B4BEDD9D}.Release|Any CPU.Build.0 = Release|Any CPU
		{D752C98A-05A1-73B0-06EF-E6D89A573B53}.Debug|Any CPU.ActiveCfg = Debug|Any CPU
		{D752C98A-05A1-73B0-06EF-E6D89A573B53}.Debug|Any CPU.Build.0 = Debug|Any CPU
		{D752C98A-05A1-73B0-06EF-E6D89A573B53}.Release|Any CPU.ActiveCfg = Release|Any CPU
		{D752C98A-05A1-73B0-06EF-E6D89A573B53}.Release|Any CPU.Build.0 = Release|Any CPU
		{DEEC88F1-284D-80DB-D012-D817DCFB66E1}.Debug|Any CPU.ActiveCfg = Debug|Any CPU
		{DEEC88F1-284D-80DB-D012-D817DCFB66E1}.Debug|Any CPU.Build.0 = Debug|Any CPU
		{DEEC88F1-284D-80DB-D012-D817DCFB66E1}.Release|Any CPU.ActiveCfg = Release|Any CPU
		{DEEC88F1-284D-80DB-D012-D817DCFB66E1}.Release|Any CPU.Build.0 = Release|Any CPU
		{4030F3DA-E836-10AE-774D-1158324BE245}.Debug|Any CPU.ActiveCfg = Debug|Any CPU
		{4030F3DA-E836-10AE-774D-1158324BE245}.Debug|Any CPU.Build.0 = Debug|Any CPU
		{4030F3DA-E836-10AE-774D-1158324BE245}.Release|Any CPU.ActiveCfg = Release|Any CPU
		{4030F3DA-E836-10AE-774D-1158324BE245}.Release|Any CPU.Build.0 = Release|Any CPU
		{0B8E8586-C37F-446C-E82B-747A36CA37C6}.Debug|Any CPU.ActiveCfg = Debug|Any CPU
		{0B8E8586-C37F-446C-E82B-747A36CA37C6}.Debug|Any CPU.Build.0 = Debug|Any CPU
		{0B8E8586-C37F-446C-E82B-747A36CA37C6}.Release|Any CPU.ActiveCfg = Release|Any CPU
		{0B8E8586-C37F-446C-E82B-747A36CA37C6}.Release|Any CPU.Build.0 = Release|Any CPU
		{394235B6-F5CB-548F-6287-52C25C933E0C}.Debug|Any CPU.ActiveCfg = Debug|Any CPU
		{394235B6-F5CB-548F-6287-52C25C933E0C}.Debug|Any CPU.Build.0 = Debug|Any CPU
		{394235B6-F5CB-548F-6287-52C25C933E0C}.Release|Any CPU.ActiveCfg = Release|Any CPU
		{394235B6-F5CB-548F-6287-52C25C933E0C}.Release|Any CPU.Build.0 = Release|Any CPU
		{E77F08B6-AF22-F762-55A0-203A5AF2EA6B}.Debug|Any CPU.ActiveCfg = Debug|Any CPU
		{E77F08B6-AF22-F762-55A0-203A5AF2EA6B}.Debug|Any CPU.Build.0 = Debug|Any CPU
		{E77F08B6-AF22-F762-55A0-203A5AF2EA6B}.Release|Any CPU.ActiveCfg = Release|Any CPU
		{E77F08B6-AF22-F762-55A0-203A5AF2EA6B}.Release|Any CPU.Build.0 = Release|Any CPU
		{E074B2F0-3BD8-31BA-B0AE-DEAE17D76581}.Debug|Any CPU.ActiveCfg = Debug|Any CPU
		{E074B2F0-3BD8-31BA-B0AE-DEAE17D76581}.Debug|Any CPU.Build.0 = Debug|Any CPU
		{E074B2F0-3BD8-31BA-B0AE-DEAE17D76581}.Release|Any CPU.ActiveCfg = Release|Any CPU
		{E074B2F0-3BD8-31BA-B0AE-DEAE17D76581}.Release|Any CPU.Build.0 = Release|Any CPU
		{09FDE465-5A85-ACC8-7AC1-A4DCE5AF77C7}.Debug|Any CPU.ActiveCfg = Debug|Any CPU
		{09FDE465-5A85-ACC8-7AC1-A4DCE5AF77C7}.Debug|Any CPU.Build.0 = Debug|Any CPU
		{09FDE465-5A85-ACC8-7AC1-A4DCE5AF77C7}.Release|Any CPU.ActiveCfg = Release|Any CPU
		{09FDE465-5A85-ACC8-7AC1-A4DCE5AF77C7}.Release|Any CPU.Build.0 = Release|Any CPU
		{17AFB47C-72AF-57C6-17CD-8B2ADAB8B2BB}.Debug|Any CPU.ActiveCfg = Debug|Any CPU
		{17AFB47C-72AF-57C6-17CD-8B2ADAB8B2BB}.Debug|Any CPU.Build.0 = Debug|Any CPU
		{17AFB47C-72AF-57C6-17CD-8B2ADAB8B2BB}.Release|Any CPU.ActiveCfg = Release|Any CPU
		{17AFB47C-72AF-57C6-17CD-8B2ADAB8B2BB}.Release|Any CPU.Build.0 = Release|Any CPU
		{E66B1F5A-7BA4-516F-2973-D9C0981D93E0}.Debug|Any CPU.ActiveCfg = Debug|Any CPU
		{E66B1F5A-7BA4-516F-2973-D9C0981D93E0}.Debug|Any CPU.Build.0 = Debug|Any CPU
		{E66B1F5A-7BA4-516F-2973-D9C0981D93E0}.Release|Any CPU.ActiveCfg = Release|Any CPU
		{E66B1F5A-7BA4-516F-2973-D9C0981D93E0}.Release|Any CPU.Build.0 = Release|Any CPU
	EndGlobalSection
	GlobalSection(SolutionProperties) = preSolution
		HideSolutionNode = FALSE
	EndGlobalSection
EndGlobal
